
Microsoft Visual Studio Solution File, Format Version 12.00
# Visual Studio Version 17
VisualStudioVersion = 17.7.34024.191
MinimumVisualStudioVersion = 10.0.40219.1
Project("{FAE04EC0-301F-11D3-BF4B-00C04F79EFBC}") = "FastFoodStore", "FastFoodStore\FastFoodStore.csproj", "{7DF3704D-D2BA-4A4F-B914-2209D64BCEA1}"
EndProject
Global
	GlobalSection(SolutionConfigurationPlatforms) = preSolution
		Debug|Any CPU = Debug|Any CPU
		Release|Any CPU = Release|Any CPU
	EndGlobalSection
	GlobalSection(ProjectConfigurationPlatforms) = postSolution
		{7DF3704D-D2BA-4A4F-B914-2209D64BCEA1}.Debug|Any CPU.ActiveCfg = Debug|Any CPU
		{7DF3704D-D2BA-4A4F-B914-2209D64BCEA1}.Debug|Any CPU.Build.0 = Debug|Any CPU
		{7DF3704D-D2BA-4A4F-B914-2209D64BCEA1}.Release|Any CPU.ActiveCfg = Release|Any CPU
		{7DF3704D-D2BA-4A4F-B914-2209D64BCEA1}.Release|Any CPU.Build.0 = Release|Any CPU
	EndGlobalSection
	GlobalSection(SolutionProperties) = preSolution
		HideSolutionNode = FALSE
	EndGlobalSection
	GlobalSection(ExtensibilityGlobals) = postSolution
		SolutionGuid = {23AD9279-6E57-49EB-9811-50B8163A4517}
	EndGlobalSection
EndGlobal
